
Microsoft Visual Studio Solution File, Format Version 12.00
# Visual Studio 15
VisualStudioVersion = 15.0.27004.2008
MinimumVisualStudioVersion = 10.0.40219.1
Project("{9A19103F-16F7-4668-BE54-9A1E7A4F7556}") = "Container", "Container\Container.csproj", "{08D3CD31-4AB5-4ADF-A653-0715FF7483D9}"
EndProject
Project("{FAE04EC0-301F-11D3-BF4B-00C04F79EFBC}") = "Container.Tests", "Container.Tests\Container.Tests.csproj", "{8703127D-E139-4EA5-8695-C662849C0159}"
EndProject
Project("{9A19103F-16F7-4668-BE54-9A1E7A4F7556}") = "Container.Model", "Container.Model\Container.Model.csproj", "{EBE371F1-EAC2-45F6-8842-20E7DB4DB3EA}"
EndProject
Project("{FAE04EC0-301F-11D3-BF4B-00C04F79EFBC}") = "Container.Console", "Container.Console\Container.Console.csproj", "{9A7B5A14-8BE6-4C67-8B30-42DC40EE85D5}"
EndProject
Global
	GlobalSection(SolutionConfigurationPlatforms) = preSolution
		Debug|Any CPU = Debug|Any CPU
		Release|Any CPU = Release|Any CPU
	EndGlobalSection
	GlobalSection(ProjectConfigurationPlatforms) = postSolution
		{08D3CD31-4AB5-4ADF-A653-0715FF7483D9}.Debug|Any CPU.ActiveCfg = Debug|Any CPU
		{08D3CD31-4AB5-4ADF-A653-0715FF7483D9}.Debug|Any CPU.Build.0 = Debug|Any CPU
		{08D3CD31-4AB5-4ADF-A653-0715FF7483D9}.Release|Any CPU.ActiveCfg = Release|Any CPU
		{08D3CD31-4AB5-4ADF-A653-0715FF7483D9}.Release|Any CPU.Build.0 = Release|Any CPU
		{8703127D-E139-4EA5-8695-C662849C0159}.Debug|Any CPU.ActiveCfg = Debug|Any CPU
		{8703127D-E139-4EA5-8695-C662849C0159}.Debug|Any CPU.Build.0 = Debug|Any CPU
		{8703127D-E139-4EA5-8695-C662849C0159}.Release|Any CPU.ActiveCfg = Release|Any CPU
		{8703127D-E139-4EA5-8695-C662849C0159}.Release|Any CPU.Build.0 = Release|Any CPU
		{EBE371F1-EAC2-45F6-8842-20E7DB4DB3EA}.Debug|Any CPU.ActiveCfg = Debug|Any CPU
		{EBE371F1-EAC2-45F6-8842-20E7DB4DB3EA}.Debug|Any CPU.Build.0 = Debug|Any CPU
		{EBE371F1-EAC2-45F6-8842-20E7DB4DB3EA}.Release|Any CPU.ActiveCfg = Release|Any CPU
		{EBE371F1-EAC2-45F6-8842-20E7DB4DB3EA}.Release|Any CPU.Build.0 = Release|Any CPU
		{9A7B5A14-8BE6-4C67-8B30-42DC40EE85D5}.Debug|Any CPU.ActiveCfg = Debug|Any CPU
		{9A7B5A14-8BE6-4C67-8B30-42DC40EE85D5}.Debug|Any CPU.Build.0 = Debug|Any CPU
		{9A7B5A14-8BE6-4C67-8B30-42DC40EE85D5}.Release|Any CPU.ActiveCfg = Release|Any CPU
		{9A7B5A14-8BE6-4C67-8B30-42DC40EE85D5}.Release|Any CPU.Build.0 = Release|Any CPU
	EndGlobalSection
	GlobalSection(SolutionProperties) = preSolution
		HideSolutionNode = FALSE
	EndGlobalSection
	GlobalSection(ExtensibilityGlobals) = postSolution
		SolutionGuid = {6CF88E8B-C4F1-41F0-9AD2-6B31FDAB87D5}
	EndGlobalSection
EndGlobal
